
Microsoft Visual Studio Solution File, Format Version 12.00
Project("{FAE04EC0-301F-11D3-BF4B-00C04F79EFBC}") = "Rekindle.Exceptions", "Rekindle.Exceptions\Rekindle.Exceptions.csproj", "{08BD054A-7702-476F-AC45-80B9FEB5F38E}"
EndProject
Project("{FAE04EC0-301F-11D3-BF4B-00C04F79EFBC}") = "Rekindle.Exceptions.Api", "Rekindle.Exceptions.Api\Rekindle.Exceptions.Api.csproj", "{97BDD987-A62A-47D4-B75F-5AC7EF18C077}"
EndProject
Project("{2150E333-8FDC-42A3-9474-1A3956D46DE8}") = "Solution Items", "Solution Items", "{3203583A-8102-4B3E-9A78-1E35875E6911}"
	ProjectSection(SolutionItems) = preProject
		.github\workflows\publish.yml = .github\workflows\publish.yml
	EndProjectSection
EndProject
Project("{FAE04EC0-301F-11D3-BF4B-00C04F79EFBC}") = "Rekindle.Authentication", "Rekindle.Authentication\Rekindle.Authentication.csproj", "{4CA35CC4-6527-4DA1-80C5-2D4A57450F79}"
EndProject
Global
	GlobalSection(SolutionConfigurationPlatforms) = preSolution
		Debug|Any CPU = Debug|Any CPU
		Release|Any CPU = Release|Any CPU
	EndGlobalSection
	GlobalSection(ProjectConfigurationPlatforms) = postSolution
		{08BD054A-7702-476F-AC45-80B9FEB5F38E}.Debug|Any CPU.ActiveCfg = Debug|Any CPU
		{08BD054A-7702-476F-AC45-80B9FEB5F38E}.Debug|Any CPU.Build.0 = Debug|Any CPU
		{08BD054A-7702-476F-AC45-80B9FEB5F38E}.Release|Any CPU.ActiveCfg = Release|Any CPU
		{08BD054A-7702-476F-AC45-80B9FEB5F38E}.Release|Any CPU.Build.0 = Release|Any CPU
		{97BDD987-A62A-47D4-B75F-5AC7EF18C077}.Debug|Any CPU.ActiveCfg = Debug|Any CPU
		{97BDD987-A62A-47D4-B75F-5AC7EF18C077}.Debug|Any CPU.Build.0 = Debug|Any CPU
		{97BDD987-A62A-47D4-B75F-5AC7EF18C077}.Release|Any CPU.ActiveCfg = Release|Any CPU
		{97BDD987-A62A-47D4-B75F-5AC7EF18C077}.Release|Any CPU.Build.0 = Release|Any CPU
		{4CA35CC4-6527-4DA1-80C5-2D4A57450F79}.Debug|Any CPU.ActiveCfg = Debug|Any CPU
		{4CA35CC4-6527-4DA1-80C5-2D4A57450F79}.Debug|Any CPU.Build.0 = Debug|Any CPU
		{4CA35CC4-6527-4DA1-80C5-2D4A57450F79}.Release|Any CPU.ActiveCfg = Release|Any CPU
		{4CA35CC4-6527-4DA1-80C5-2D4A57450F79}.Release|Any CPU.Build.0 = Release|Any CPU
	EndGlobalSection
EndGlobal
